
Microsoft Visual Studio Solution File, Format Version 12.00
# Visual Studio Version 17
VisualStudioVersion = 17.9.34607.119
MinimumVisualStudioVersion = 10.0.40219.1
Project("{FAE04EC0-301F-11D3-BF4B-00C04F79EFBC}") = "p4", "p4\p4.csproj", "{530BBDDB-5482-48F1-BF78-CD107168DD80}"
EndProject
Global
	GlobalSection(SolutionConfigurationPlatforms) = preSolution
		Debug|Any CPU = Debug|Any CPU
		Release|Any CPU = Release|Any CPU
	EndGlobalSection
	GlobalSection(ProjectConfigurationPlatforms) = postSolution
		{530BBDDB-5482-48F1-BF78-CD107168DD80}.Debug|Any CPU.ActiveCfg = Debug|Any CPU
		{530BBDDB-5482-48F1-BF78-CD107168DD80}.Debug|Any CPU.Build.0 = Debug|Any CPU
		{530BBDDB-5482-48F1-BF78-CD107168DD80}.Release|Any CPU.ActiveCfg = Release|Any CPU
		{530BBDDB-5482-48F1-BF78-CD107168DD80}.Release|Any CPU.Build.0 = Release|Any CPU
	EndGlobalSection
	GlobalSection(SolutionProperties) = preSolution
		HideSolutionNode = FALSE
	EndGlobalSection
	GlobalSection(ExtensibilityGlobals) = postSolution
		SolutionGuid = {10F2829F-86B0-4E2C-B491-AE5BF68B5441}
	EndGlobalSection
EndGlobal
